// !$*UTF8*$!
{
	archiveVersion = 1;
	classes = {
	};
	objectVersion = 55;
	objects = {

/* Begin PBXBuildFile section */
		A100422728A42E7900C0C81C /* AppDelegate.swift in Sources */ = {isa = PBXBuildFile; fileRef = A100422628A42E7900C0C81C /* AppDelegate.swift */; };
		A100422928A42E7900C0C81C /* SceneDelegate.swift in Sources */ = {isa = PBXBuildFile; fileRef = A100422828A42E7900C0C81C /* SceneDelegate.swift */; };
		A100422E28A42E7900C0C81C /* Main.storyboard in Resources */ = {isa = PBXBuildFile; fileRef = A100422C28A42E7900C0C81C /* Main.storyboard */; };
		A100423028A42E7D00C0C81C /* Assets.xcassets in Resources */ = {isa = PBXBuildFile; fileRef = A100422F28A42E7D00C0C81C /* Assets.xcassets */; };
		A100423328A42E7D00C0C81C /* LaunchScreen.storyboard in Resources */ = {isa = PBXBuildFile; fileRef = A100423128A42E7D00C0C81C /* LaunchScreen.storyboard */; };
		A100423C28A42F8500C0C81C /* HomeViewController.swift in Sources */ = {isa = PBXBuildFile; fileRef = A100423B28A42F8500C0C81C /* HomeViewController.swift */; };
		A100423E28A42F8B00C0C81C /* HomeViewModel.swift in Sources */ = {isa = PBXBuildFile; fileRef = A100423D28A42F8B00C0C81C /* HomeViewModel.swift */; };
		A100424128A42FB800C0C81C /* LoginViewController.swift in Sources */ = {isa = PBXBuildFile; fileRef = A100424028A42FB800C0C81C /* LoginViewController.swift */; };
		A100424328A42FBE00C0C81C /* LoginViewModel.swift in Sources */ = {isa = PBXBuildFile; fileRef = A100424228A42FBE00C0C81C /* LoginViewModel.swift */; };
		A100424528A42FE300C0C81C /* NetworkService.swift in Sources */ = {isa = PBXBuildFile; fileRef = A100424428A42FE300C0C81C /* NetworkService.swift */; };
		A100424728A42FF900C0C81C /* Credentials.swift in Sources */ = {isa = PBXBuildFile; fileRef = A100424628A42FF900C0C81C /* Credentials.swift */; };
		A100424928A4301200C0C81C /* User.swift in Sources */ = {isa = PBXBuildFile; fileRef = A100424828A4301200C0C81C /* User.swift */; };
		A10B482928A453A500F3FB7B /* README.md in Resources */ = {isa = PBXBuildFile; fileRef = A10B482828A453A500F3FB7B /* README.md */; };
/* End PBXBuildFile section */

/* Begin PBXFileReference section */
		A100422328A42E7900C0C81C /* mvvmxcombine.app */ = {isa = PBXFileReference; explicitFileType = wrapper.application; includeInIndex = 0; path = mvvmxcombine.app; sourceTree = BUILT_PRODUCTS_DIR; };
		A100422628A42E7900C0C81C /* AppDelegate.swift */ = {isa = PBXFileReference; lastKnownFileType = sourcecode.swift; path = AppDelegate.swift; sourceTree = "<group>"; };
		A100422828A42E7900C0C81C /* SceneDelegate.swift */ = {isa = PBXFileReference; lastKnownFileType = sourcecode.swift; path = SceneDelegate.swift; sourceTree = "<group>"; };
		A100422D28A42E7900C0C81C /* Base */ = {isa = PBXFileReference; lastKnownFileType = file.storyboard; name = Base; path = Base.lproj/Main.storyboard; sourceTree = "<group>"; };
		A100422F28A42E7D00C0C81C /* Assets.xcassets */ = {isa = PBXFileReference; lastKnownFileType = folder.assetcatalog; path = Assets.xcassets; sourceTree = "<group>"; };
		A100423228A42E7D00C0C81C /* Base */ = {isa = PBXFileReference; lastKnownFileType = file.storyboard; name = Base; path = Base.lproj/LaunchScreen.storyboard; sourceTree = "<group>"; };
		A100423428A42E7D00C0C81C /* Info.plist */ = {isa = PBXFileReference; lastKnownFileType = text.plist.xml; path = Info.plist; sourceTree = "<group>"; };
		A100423B28A42F8500C0C81C /* HomeViewController.swift */ = {isa = PBXFileReference; lastKnownFileType = sourcecode.swift; path = HomeViewController.swift; sourceTree = "<group>"; };
		A100423D28A42F8B00C0C81C /* HomeViewModel.swift */ = {isa = PBXFileReference; lastKnownFileType = sourcecode.swift; path = HomeViewModel.swift; sourceTree = "<group>"; };
		A100424028A42FB800C0C81C /* LoginViewController.swift */ = {isa = PBXFileReference; lastKnownFileType = sourcecode.swift; path = LoginViewController.swift; sourceTree = "<group>"; };
		A100424228A42FBE00C0C81C /* LoginViewModel.swift */ = {isa = PBXFileReference; lastKnownFileType = sourcecode.swift; path = LoginViewModel.swift; sourceTree = "<group>"; };
		A100424428A42FE300C0C81C /* NetworkService.swift */ = {isa = PBXFileReference; lastKnownFileType = sourcecode.swift; path = NetworkService.swift; sourceTree = "<group>"; };
		A100424628A42FF900C0C81C /* Credentials.swift */ = {isa = PBXFileReference; lastKnownFileType = sourcecode.swift; path = Credentials.swift; sourceTree = "<group>"; };
		A100424828A4301200C0C81C /* User.swift */ = {isa = PBXFileReference; lastKnownFileType = sourcecode.swift; path = User.swift; sourceTree = "<group>"; };
		A10B482828A453A500F3FB7B /* README.md */ = {isa = PBXFileReference; fileEncoding = 4; lastKnownFileType = net.daringfireball.markdown; path = README.md; sourceTree = SOURCE_ROOT; };
/* End PBXFileReference section */

/* Begin PBXFrameworksBuildPhase section */
		A100422028A42E7900C0C81C /* Frameworks */ = {
			isa = PBXFrameworksBuildPhase;
			buildActionMask = 2147483647;
			files = (
			);
			runOnlyForDeploymentPostprocessing = 0;
		};
/* End PBXFrameworksBuildPhase section */

/* Begin PBXGroup section */
		A100421A28A42E7900C0C81C = {
			isa = PBXGroup;
			children = (
				A100422528A42E7900C0C81C /* mvvmxcombine */,
				A100422428A42E7900C0C81C /* Products */,
			);
			sourceTree = "<group>";
		};
		A100422428A42E7900C0C81C /* Products */ = {
			isa = PBXGroup;
			children = (
				A100422328A42E7900C0C81C /* mvvmxcombine.app */,
			);
			name = Products;
			sourceTree = "<group>";
		};
		A100422528A42E7900C0C81C /* mvvmxcombine */ = {
			isa = PBXGroup;
			children = (
				A10B482828A453A500F3FB7B /* README.md */,
				A100423F28A42FAA00C0C81C /* Login View */,
				A100423A28A42E9300C0C81C /* Home View */,
				A100422628A42E7900C0C81C /* AppDelegate.swift */,
				A100422828A42E7900C0C81C /* SceneDelegate.swift */,
				A100422C28A42E7900C0C81C /* Main.storyboard */,
				A100422F28A42E7D00C0C81C /* Assets.xcassets */,
				A100423128A42E7D00C0C81C /* LaunchScreen.storyboard */,
				A100423428A42E7D00C0C81C /* Info.plist */,
				A100424428A42FE300C0C81C /* NetworkService.swift */,
				A100424628A42FF900C0C81C /* Credentials.swift */,
				A100424828A4301200C0C81C /* User.swift */,
			);
			path = mvvmxcombine;
			sourceTree = "<group>";
		};
		A100423A28A42E9300C0C81C /* Home View */ = {
			isa = PBXGroup;
			children = (
				A100423B28A42F8500C0C81C /* HomeViewController.swift */,
				A100423D28A42F8B00C0C81C /* HomeViewModel.swift */,
			);
			path = "Home View";
			sourceTree = "<group>";
		};
		A100423F28A42FAA00C0C81C /* Login View */ = {
			isa = PBXGroup;
			children = (
				A100424028A42FB800C0C81C /* LoginViewController.swift */,
				A100424228A42FBE00C0C81C /* LoginViewModel.swift */,
			);
			path = "Login View";
			sourceTree = "<group>";
		};
/* End PBXGroup section */

/* Begin PBXNativeTarget section */
		A100422228A42E7900C0C81C /* mvvmxcombine */ = {
			isa = PBXNativeTarget;
			buildConfigurationList = A100423728A42E7D00C0C81C /* Build configuration list for PBXNativeTarget "mvvmxcombine" */;
			buildPhases = (
				A100421F28A42E7900C0C81C /* Sources */,
				A100422028A42E7900C0C81C /* Frameworks */,
				A100422128A42E7900C0C81C /* Resources */,
			);
			buildRules = (
			);
			dependencies = (
			);
			name = mvvmxcombine;
			productName = mvvmxcombine;
			productReference = A100422328A42E7900C0C81C /* mvvmxcombine.app */;
			productType = "com.apple.product-type.application";
		};
/* End PBXNativeTarget section */

/* Begin PBXProject section */
		A100421B28A42E7900C0C81C /* Project object */ = {
			isa = PBXProject;
			attributes = {
				BuildIndependentTargetsInParallel = 1;
				LastSwiftUpdateCheck = 1340;
				LastUpgradeCheck = 1340;
				TargetAttributes = {
					A100422228A42E7900C0C81C = {
						CreatedOnToolsVersion = 13.4.1;
					};
				};
			};
			buildConfigurationList = A100421E28A42E7900C0C81C /* Build configuration list for PBXProject "mvvmxcombine" */;
			compatibilityVersion = "Xcode 13.0";
			developmentRegion = en;
			hasScannedForEncodings = 0;
			knownRegions = (
				en,
				Base,
			);
			mainGroup = A100421A28A42E7900C0C81C;
			productRefGroup = A100422428A42E7900C0C81C /* Products */;
			projectDirPath = "";
			projectRoot = "";
			targets = (
				A100422228A42E7900C0C81C /* mvvmxcombine */,
			);
		};
/* End PBXProject section */

/* Begin PBXResourcesBuildPhase section */
		A100422128A42E7900C0C81C /* Resources */ = {
			isa = PBXResourcesBuildPhase;
			buildActionMask = 2147483647;
			files = (
				A100423328A42E7D00C0C81C /* LaunchScreen.storyboard in Resources */,
				A100423028A42E7D00C0C81C /* Assets.xcassets in Resources */,
				A10B482928A453A500F3FB7B /* README.md in Resources */,
				A100422E28A42E7900C0C81C /* Main.storyboard in Resources */,
			);
			runOnlyForDeploymentPostprocessing = 0;
		};
/* End PBXResourcesBuildPhase section */

/* Begin PBXSourcesBuildPhase section */
		A100421F28A42E7900C0C81C /* Sources */ = {
			isa = PBXSourcesBuildPhase;
			buildActionMask = 2147483647;
			files = (
				A100424128A42FB800C0C81C /* LoginViewController.swift in Sources */,
				A100424528A42FE300C0C81C /* NetworkService.swift in Sources */,
				A100424728A42FF900C0C81C /* Credentials.swift in Sources */,
				A100422728A42E7900C0C81C /* AppDelegate.swift in Sources */,
				A100422928A42E7900C0C81C /* SceneDelegate.swift in Sources */,
				A100423E28A42F8B00C0C81C /* HomeViewModel.swift in Sources */,
				A100423C28A42F8500C0C81C /* HomeViewController.swift in Sources */,
				A100424928A4301200C0C81C /* User.swift in Sources */,
				A100424328A42FBE00C0C81C /* LoginViewModel.swift in Sources */,
			);
			runOnlyForDeploymentPostprocessing = 0;
		};
/* End PBXSourcesBuildPhase section */

/* Begin PBXVariantGroup section */
		A100422C28A42E7900C0C81C /* Main.storyboard */ = {
			isa = PBXVariantGroup;
			children = (
				A100422D28A42E7900C0C81C /* Base */,
			);
			name = Main.storyboard;
			sourceTree = "<group>";
		};
		A100423128A42E7D00C0C81C /* LaunchScreen.storyboard */ = {
			isa = PBXVariantGroup;
			children = (
				A100423228A42E7D00C0C81C /* Base */,
			);
			name = LaunchScreen.storyboard;
			sourceTree = "<group>";
		};
/* End PBXVariantGroup section */

/* Begin XCBuildConfiguration section */
		A100423528A42E7D00C0C81C /* Debug */ = {
			isa = XCBuildConfiguration;
			buildSettings = {
				ALWAYS_SEARCH_USER_PATHS = NO;
				CLANG_ANALYZER_NONNULL = YES;
				CLANG_ANALYZER_NUMBER_OBJECT_CONVERSION = YES_AGGRESSIVE;
				CLANG_CXX_LANGUAGE_STANDARD = "gnu++17";
				CLANG_ENABLE_MODULES = YES;
				CLANG_ENABLE_OBJC_ARC = YES;
				CLANG_ENABLE_OBJC_WEAK = YES;
				CLANG_WARN_BLOCK_CAPTURE_AUTORELEASING = YES;
				CLANG_WARN_BOOL_CONVERSION = YES;
				CLANG_WARN_COMMA = YES;
				CLANG_WARN_CONSTANT_CONVERSION = YES;
				CLANG_WARN_DEPRECATED_OBJC_IMPLEMENTATIONS = YES;
				CLANG_WARN_DIRECT_OBJC_ISA_USAGE = YES_ERROR;
				CLANG_WARN_DOCUMENTATION_COMMENTS = YES;
				CLANG_WARN_EMPTY_BODY = YES;
				CLANG_WARN_ENUM_CONVERSION = YES;
				CLANG_WARN_INFINITE_RECURSION = YES;
				CLANG_WARN_INT_CONVERSION = YES;
				CLANG_WARN_NON_LITERAL_NULL_CONVERSION = YES;
				CLANG_WARN_OBJC_IMPLICIT_RETAIN_SELF = YES;
				CLANG_WARN_OBJC_LITERAL_CONVERSION = YES;
				CLANG_WARN_OBJC_ROOT_CLASS = YES_ERROR;
				CLANG_WARN_QUOTED_INCLUDE_IN_FRAMEWORK_HEADER = YES;
				CLANG_WARN_RANGE_LOOP_ANALYSIS = YES;
				CLANG_WARN_STRICT_PROTOTYPES = YES;
				CLANG_WARN_SUSPICIOUS_MOVE = YES;
				CLANG_WARN_UNGUARDED_AVAILABILITY = YES_AGGRESSIVE;
				CLANG_WARN_UNREACHABLE_CODE = YES;
				CLANG_WARN__DUPLICATE_METHOD_MATCH = YES;
				COPY_PHASE_STRIP = NO;
				DEBUG_INFORMATION_FORMAT = dwarf;
				ENABLE_STRICT_OBJC_MSGSEND = YES;
				ENABLE_TESTABILITY = YES;
				GCC_C_LANGUAGE_STANDARD = gnu11;
				GCC_DYNAMIC_NO_PIC = NO;
				GCC_NO_COMMON_BLOCKS = YES;
				GCC_OPTIMIZATION_LEVEL = 0;
				GCC_PREPROCESSOR_DEFINITIONS = (
					"DEBUG=1",
					"$(inherited)",
				);
				GCC_WARN_64_TO_32_BIT_CONVERSION = YES;
				GCC_WARN_ABOUT_RETURN_TYPE = YES_ERROR;
				GCC_WARN_UNDECLARED_SELECTOR = YES;
				GCC_WARN_UNINITIALIZED_AUTOS = YES_AGGRESSIVE;
				GCC_WARN_UNUSED_FUNCTION = YES;
				GCC_WARN_UNUSED_VARIABLE = YES;
				IPHONEOS_DEPLOYMENT_TARGET = 15.5;
				MTL_ENABLE_DEBUG_INFO = INCLUDE_SOURCE;
				MTL_FAST_MATH = YES;
				ONLY_ACTIVE_ARCH = YES;
				SDKROOT = iphoneos;
				SWIFT_ACTIVE_COMPILATION_CONDITIONS = DEBUG;
				SWIFT_OPTIMIZATION_LEVEL = "-Onone";
			};
			name = Debug;
		};
		A100423628A42E7D00C0C81C /* Release */ = {
			isa = XCBuildConfiguration;
			buildSettings = {
				ALWAYS_SEARCH_USER_PATHS = NO;
				CLANG_ANALYZER_NONNULL = YES;
				CLANG_ANALYZER_NUMBER_OBJECT_CONVERSION = YES_AGGRESSIVE;
				CLANG_CXX_LANGUAGE_STANDARD = "gnu++17";
				CLANG_ENABLE_MODULES = YES;
				CLANG_ENABLE_OBJC_ARC = YES;
				CLANG_ENABLE_OBJC_WEAK = YES;
				CLANG_WARN_BLOCK_CAPTURE_AUTORELEASING = YES;
				CLANG_WARN_BOOL_CONVERSION = YES;
				CLANG_WARN_COMMA = YES;
				CLANG_WARN_CONSTANT_CONVERSION = YES;
				CLANG_WARN_DEPRECATED_OBJC_IMPLEMENTATIONS = YES;
				CLANG_WARN_DIRECT_OBJC_ISA_USAGE = YES_ERROR;
				CLANG_WARN_DOCUMENTATION_COMMENTS = YES;
				CLANG_WARN_EMPTY_BODY = YES;
				CLANG_WARN_ENUM_CONVERSION = YES;
				CLANG_WARN_INFINITE_RECURSION = YES;
				CLANG_WARN_INT_CONVERSION = YES;
				CLANG_WARN_NON_LITERAL_NULL_CONVERSION = YES;
				CLANG_WARN_OBJC_IMPLICIT_RETAIN_SELF = YES;
				CLANG_WARN_OBJC_LITERAL_CONVERSION = YES;
				CLANG_WARN_OBJC_ROOT_CLASS = YES_ERROR;
				CLANG_WARN_QUOTED_INCLUDE_IN_FRAMEWORK_HEADER = YES;
				CLANG_WARN_RANGE_LOOP_ANALYSIS = YES;
				CLANG_WARN_STRICT_PROTOTYPES = YES;
				CLANG_WARN_SUSPICIOUS_MOVE = YES;
				CLANG_WARN_UNGUARDED_AVAILABILITY = YES_AGGRESSIVE;
				CLANG_WARN_UNREACHABLE_CODE = YES;
				CLANG_WARN__DUPLICATE_METHOD_MATCH = YES;
				COPY_PHASE_STRIP = NO;
				DEBUG_INFORMATION_FORMAT = "dwarf-with-dsym";
				ENABLE_NS_ASSERTIONS = NO;
				ENABLE_STRICT_OBJC_MSGSEND = YES;
				GCC_C_LANGUAGE_STANDARD = gnu11;
				GCC_NO_COMMON_BLOCKS = YES;
				GCC_WARN_64_TO_32_BIT_CONVERSION = YES;
				GCC_WARN_ABOUT_RETURN_TYPE = YES_ERROR;
				GCC_WARN_UNDECLARED_SELECTOR = YES;
				GCC_WARN_UNINITIALIZED_AUTOS = YES_AGGRESSIVE;
				GCC_WARN_UNUSED_FUNCTION = YES;
				GCC_WARN_UNUSED_VARIABLE = YES;
				IPHONEOS_DEPLOYMENT_TARGET = 15.5;
				MTL_ENABLE_DEBUG_INFO = NO;
				MTL_FAST_MATH = YES;
				SDKROOT = iphoneos;
				SWIFT_COMPILATION_MODE = wholemodule;
				SWIFT_OPTIMIZATION_LEVEL = "-O";
				VALIDATE_PRODUCT = YES;
			};
			name = Release;
		};
		A100423828A42E7D00C0C81C /* Debug */ = {
			isa = XCBuildConfiguration;
			buildSettings = {
				ASSETCATALOG_COMPILER_APPICON_NAME = AppIcon;
				ASSETCATALOG_COMPILER_GLOBAL_ACCENT_COLOR_NAME = AccentColor;
				CODE_SIGN_STYLE = Automatic;
				CURRENT_PROJECT_VERSION = 1;
				DEVELOPMENT_TEAM = 9S65KK5D35;
				GENERATE_INFOPLIST_FILE = YES;
				INFOPLIST_FILE = mvvmxcombine/Info.plist;
				INFOPLIST_KEY_UIApplicationSupportsIndirectInputEvents = YES;
				INFOPLIST_KEY_UILaunchStoryboardName = LaunchScreen;
				INFOPLIST_KEY_UIMainStoryboardFile = Main;
				INFOPLIST_KEY_UISupportedInterfaceOrientations_iPad = "UIInterfaceOrientationPortrait UIInterfaceOrientationPortraitUpsideDown UIInterfaceOrientationLandscapeLeft UIInterfaceOrientationLandscapeRight";
				INFOPLIST_KEY_UISupportedInterfaceOrientations_iPhone = "UIInterfaceOrientationPortrait UIInterfaceOrientationLandscapeLeft UIInterfaceOrientationLandscapeRight";
				LD_RUNPATH_SEARCH_PATHS = (
					"$(inherited)",
					"@executable_path/Frameworks",
				);
				MARKETING_VERSION = 1.0;
				PRODUCT_BUNDLE_IDENTIFIER = com.pojoclan.mvvmxcombine;
				PRODUCT_NAME = "$(TARGET_NAME)";
				SWIFT_EMIT_LOC_STRINGS = YES;
				SWIFT_VERSION = 5.0;
				TARGETED_DEVICE_FAMILY = "1,2";
			};
			name = Debug;
		};
		A100423928A42E7D00C0C81C /* Release */ = {
			isa = XCBuildConfiguration;
			buildSettings = {
				ASSETCATALOG_COMPILER_APPICON_NAME = AppIcon;
				ASSETCATALOG_COMPILER_GLOBAL_ACCENT_COLOR_NAME = AccentColor;
				CODE_SIGN_STYLE = Automatic;
				CURRENT_PROJECT_VERSION = 1;
				DEVELOPMENT_TEAM = 9S65KK5D35;
				GENERATE_INFOPLIST_FILE = YES;
				INFOPLIST_FILE = mvvmxcombine/Info.plist;
				INFOPLIST_KEY_UIApplicationSupportsIndirectInputEvents = YES;
				INFOPLIST_KEY_UILaunchStoryboardName = LaunchScreen;
				INFOPLIST_KEY_UIMainStoryboardFile = Main;
				INFOPLIST_KEY_UISupportedInterfaceOrientations_iPad = "UIInterfaceOrientationPortrait UIInterfaceOrientationPortraitUpsideDown UIInterfaceOrientationLandscapeLeft UIInterfaceOrientationLandscapeRight";
				INFOPLIST_KEY_UISupportedInterfaceOrientations_iPhone = "UIInterfaceOrientationPortrait UIInterfaceOrientationLandscapeLeft UIInterfaceOrientationLandscapeRight";
				LD_RUNPATH_SEARCH_PATHS = (
					"$(inherited)",
					"@executable_path/Frameworks",
				);
				MARKETING_VERSION = 1.0;
				PRODUCT_BUNDLE_IDENTIFIER = com.pojoclan.mvvmxcombine;
				PRODUCT_NAME = "$(TARGET_NAME)";
				SWIFT_EMIT_LOC_STRINGS = YES;
				SWIFT_VERSION = 5.0;
				TARGETED_DEVICE_FAMILY = "1,2";
			};
			name = Release;
		};
/* End XCBuildConfiguration section */

/* Begin XCConfigurationList section */
		A100421E28A42E7900C0C81C /* Build configuration list for PBXProject "mvvmxcombine" */ = {
			isa = XCConfigurationList;
			buildConfigurations = (
				A100423528A42E7D00C0C81C /* Debug */,
				A100423628A42E7D00C0C81C /* Release */,
			);
			defaultConfigurationIsVisible = 0;
			defaultConfigurationName = Release;
		};
		A100423728A42E7D00C0C81C /* Build configuration list for PBXNativeTarget "mvvmxcombine" */ = {
			isa = XCConfigurationList;
			buildConfigurations = (
				A100423828A42E7D00C0C81C /* Debug */,
				A100423928A42E7D00C0C81C /* Release */,
			);
			defaultConfigurationIsVisible = 0;
			defaultConfigurationName = Release;
		};
/* End XCConfigurationList section */
	};
	rootObject = A100421B28A42E7900C0C81C /* Project object */;
}
